
Microsoft Visual Studio Solution File, Format Version 12.00
# Visual Studio Version 17
VisualStudioVersion = 17.12.35707.178
MinimumVisualStudioVersion = 10.0.40219.1
Project("{FAE04EC0-301F-11D3-BF4B-00C04F79EFBC}") = "MicrosoftLearnCsharp", "MicrosoftLearnCsharp\MicrosoftLearnCsharp.csproj", "{043EEA2D-1628-4B2E-BA83-606921C458EC}"
EndProject
Project("{FAE04EC0-301F-11D3-BF4B-00C04F79EFBC}") = "TypeConversion", "TypeConvertion\TypeConversion.csproj", "{34788195-EE49-4556-8259-419EC83FFE05}"
EndProject
Project("{888888A0-9F3D-457C-B088-3A5042F75D52}") = "PythonApplication1", "PythonApplication1\PythonApplication1.pyproj", "{D818674C-F526-4873-82B3-3F1229C54056}"
EndProject
Project("{FAE04EC0-301F-11D3-BF4B-00C04F79EFBC}") = "HelperMethods", "HelperMethods\HelperMethods.csproj", "{C8F05BF9-6737-44E7-8876-685E3E09C4A5}"
EndProject
Project("{2150E333-8FDC-42A3-9474-1A3956D46DE8}") = "Solution Items", "Solution Items", "{8EC462FD-D22E-90A8-E5CE-7E832BA40C5D}"
	ProjectSection(SolutionItems) = preProject
		HTMLPage1.html = HTMLPage1.html
		infoFile1.md = infoFile1.md
	EndProjectSection
EndProject
Project("{FAE04EC0-301F-11D3-BF4B-00C04F79EFBC}") = "MethodsLearn", "MethodsLearn\MethodsLearn.csproj", "{A7A07DAA-F904-4134-9E21-CCF36B223874}"
EndProject
Project("{FAE04EC0-301F-11D3-BF4B-00C04F79EFBC}") = "Fortuneeller", "Fortuneeller\Fortuneeller.csproj", "{A060CCCE-136C-4D40-9BDC-05FF43596B1E}"
EndProject
Project("{FAE04EC0-301F-11D3-BF4B-00C04F79EFBC}") = "TestProject", "TestProject\TestProject.csproj", "{EC7EA3BB-861B-4E4F-B94B-CDA7E03CD675}"
EndProject
Project("{FAE04EC0-301F-11D3-BF4B-00C04F79EFBC}") = "ReturnKeyWordFunction", "ReturnKeyWordFunction\ReturnKeyWordFunction.csproj", "{68AA67C5-2ABF-47C4-BC89-54554AC426D1}"
EndProject
Project("{FAE04EC0-301F-11D3-BF4B-00C04F79EFBC}") = "ReturnNumbersFromMethods", "ReturnNumbersFromMethods\ReturnNumbersFromMethods.csproj", "{36D38242-FF78-4A25-9567-DAFF92E81768}"
EndProject
Global
	GlobalSection(SolutionConfigurationPlatforms) = preSolution
		Debug|Any CPU = Debug|Any CPU
		Release|Any CPU = Release|Any CPU
	EndGlobalSection
	GlobalSection(ProjectConfigurationPlatforms) = postSolution
		{043EEA2D-1628-4B2E-BA83-606921C458EC}.Debug|Any CPU.ActiveCfg = Debug|Any CPU
		{043EEA2D-1628-4B2E-BA83-606921C458EC}.Debug|Any CPU.Build.0 = Debug|Any CPU
		{043EEA2D-1628-4B2E-BA83-606921C458EC}.Release|Any CPU.ActiveCfg = Release|Any CPU
		{043EEA2D-1628-4B2E-BA83-606921C458EC}.Release|Any CPU.Build.0 = Release|Any CPU
		{34788195-EE49-4556-8259-419EC83FFE05}.Debug|Any CPU.ActiveCfg = Debug|Any CPU
		{34788195-EE49-4556-8259-419EC83FFE05}.Debug|Any CPU.Build.0 = Debug|Any CPU
		{34788195-EE49-4556-8259-419EC83FFE05}.Release|Any CPU.ActiveCfg = Release|Any CPU
		{34788195-EE49-4556-8259-419EC83FFE05}.Release|Any CPU.Build.0 = Release|Any CPU
		{D818674C-F526-4873-82B3-3F1229C54056}.Debug|Any CPU.ActiveCfg = Debug|Any CPU
		{D818674C-F526-4873-82B3-3F1229C54056}.Release|Any CPU.ActiveCfg = Release|Any CPU
		{C8F05BF9-6737-44E7-8876-685E3E09C4A5}.Debug|Any CPU.ActiveCfg = Debug|Any CPU
		{C8F05BF9-6737-44E7-8876-685E3E09C4A5}.Debug|Any CPU.Build.0 = Debug|Any CPU
		{C8F05BF9-6737-44E7-8876-685E3E09C4A5}.Release|Any CPU.ActiveCfg = Release|Any CPU
		{C8F05BF9-6737-44E7-8876-685E3E09C4A5}.Release|Any CPU.Build.0 = Release|Any CPU
		{A7A07DAA-F904-4134-9E21-CCF36B223874}.Debug|Any CPU.ActiveCfg = Debug|Any CPU
		{A7A07DAA-F904-4134-9E21-CCF36B223874}.Debug|Any CPU.Build.0 = Debug|Any CPU
		{A7A07DAA-F904-4134-9E21-CCF36B223874}.Release|Any CPU.ActiveCfg = Release|Any CPU
		{A7A07DAA-F904-4134-9E21-CCF36B223874}.Release|Any CPU.Build.0 = Release|Any CPU
		{A060CCCE-136C-4D40-9BDC-05FF43596B1E}.Debug|Any CPU.ActiveCfg = Debug|Any CPU
		{A060CCCE-136C-4D40-9BDC-05FF43596B1E}.Debug|Any CPU.Build.0 = Debug|Any CPU
		{A060CCCE-136C-4D40-9BDC-05FF43596B1E}.Release|Any CPU.ActiveCfg = Release|Any CPU
		{A060CCCE-136C-4D40-9BDC-05FF43596B1E}.Release|Any CPU.Build.0 = Release|Any CPU
		{EC7EA3BB-861B-4E4F-B94B-CDA7E03CD675}.Debug|Any CPU.ActiveCfg = Debug|Any CPU
		{EC7EA3BB-861B-4E4F-B94B-CDA7E03CD675}.Debug|Any CPU.Build.0 = Debug|Any CPU
		{EC7EA3BB-861B-4E4F-B94B-CDA7E03CD675}.Release|Any CPU.ActiveCfg = Release|Any CPU
		{EC7EA3BB-861B-4E4F-B94B-CDA7E03CD675}.Release|Any CPU.Build.0 = Release|Any CPU
		{68AA67C5-2ABF-47C4-BC89-54554AC426D1}.Debug|Any CPU.ActiveCfg = Debug|Any CPU
		{68AA67C5-2ABF-47C4-BC89-54554AC426D1}.Debug|Any CPU.Build.0 = Debug|Any CPU
		{68AA67C5-2ABF-47C4-BC89-54554AC426D1}.Release|Any CPU.ActiveCfg = Release|Any CPU
		{68AA67C5-2ABF-47C4-BC89-54554AC426D1}.Release|Any CPU.Build.0 = Release|Any CPU
		{36D38242-FF78-4A25-9567-DAFF92E81768}.Debug|Any CPU.ActiveCfg = Debug|Any CPU
		{36D38242-FF78-4A25-9567-DAFF92E81768}.Debug|Any CPU.Build.0 = Debug|Any CPU
		{36D38242-FF78-4A25-9567-DAFF92E81768}.Release|Any CPU.ActiveCfg = Release|Any CPU
		{36D38242-FF78-4A25-9567-DAFF92E81768}.Release|Any CPU.Build.0 = Release|Any CPU
	EndGlobalSection
	GlobalSection(SolutionProperties) = preSolution
		HideSolutionNode = FALSE
	EndGlobalSection
	GlobalSection(ExtensibilityGlobals) = postSolution
		SolutionGuid = {0AA835F5-35E4-4AE6-ADD5-87B415CAFAF6}
	EndGlobalSection
EndGlobal
